
Microsoft Visual Studio Solution File, Format Version 11.00
# Visual Studio 2010
Project("{FAE04EC0-301F-11D3-BF4B-00C04F79EFBC}") = "Dai", "Assembly-CSharp-firstpass.csproj", "{DD3F7E9A-3512-E99C-E68D-3016FA319FF7}"
EndProject
Project("{FAE04EC0-301F-11D3-BF4B-00C04F79EFBC}") = "Dai", "Assembly-CSharp.csproj", "{624EEA91-9B3E-CF22-00F1-D94AE810576B}"
EndProject
Project("{FAE04EC0-301F-11D3-BF4B-00C04F79EFBC}") = "Dai", "Assembly-CSharp-Editor-firstpass.csproj", "{4A693A66-0F3D-FE0F-7F1F-D1012ADFCBB0}"
EndProject
Project("{FAE04EC0-301F-11D3-BF4B-00C04F79EFBC}") = "Dai", "Assembly-CSharp-Editor.csproj", "{ACDBBB33-217E-A342-5622-4C1D818465A7}"
EndProject
Global
	GlobalSection(SolutionConfigurationPlatforms) = preSolution
		Debug|Any CPU = Debug|Any CPU
		Release|Any CPU = Release|Any CPU
	EndGlobalSection
	GlobalSection(ProjectConfigurationPlatforms) = postSolution
		{DD3F7E9A-3512-E99C-E68D-3016FA319FF7}.Debug|Any CPU.ActiveCfg = Debug|Any CPU
		{DD3F7E9A-3512-E99C-E68D-3016FA319FF7}.Debug|Any CPU.Build.0 = Debug|Any CPU
		{DD3F7E9A-3512-E99C-E68D-3016FA319FF7}.Release|Any CPU.ActiveCfg = Release|Any CPU
		{DD3F7E9A-3512-E99C-E68D-3016FA319FF7}.Release|Any CPU.Build.0 = Release|Any CPU
		{624EEA91-9B3E-CF22-00F1-D94AE810576B}.Debug|Any CPU.ActiveCfg = Debug|Any CPU
		{624EEA91-9B3E-CF22-00F1-D94AE810576B}.Debug|Any CPU.Build.0 = Debug|Any CPU
		{624EEA91-9B3E-CF22-00F1-D94AE810576B}.Release|Any CPU.ActiveCfg = Release|Any CPU
		{624EEA91-9B3E-CF22-00F1-D94AE810576B}.Release|Any CPU.Build.0 = Release|Any CPU
		{4A693A66-0F3D-FE0F-7F1F-D1012ADFCBB0}.Debug|Any CPU.ActiveCfg = Debug|Any CPU
		{4A693A66-0F3D-FE0F-7F1F-D1012ADFCBB0}.Debug|Any CPU.Build.0 = Debug|Any CPU
		{4A693A66-0F3D-FE0F-7F1F-D1012ADFCBB0}.Release|Any CPU.ActiveCfg = Release|Any CPU
		{4A693A66-0F3D-FE0F-7F1F-D1012ADFCBB0}.Release|Any CPU.Build.0 = Release|Any CPU
		{ACDBBB33-217E-A342-5622-4C1D818465A7}.Debug|Any CPU.ActiveCfg = Debug|Any CPU
		{ACDBBB33-217E-A342-5622-4C1D818465A7}.Debug|Any CPU.Build.0 = Debug|Any CPU
		{ACDBBB33-217E-A342-5622-4C1D818465A7}.Release|Any CPU.ActiveCfg = Release|Any CPU
		{ACDBBB33-217E-A342-5622-4C1D818465A7}.Release|Any CPU.Build.0 = Release|Any CPU
	EndGlobalSection
	GlobalSection(SolutionProperties) = preSolution
		HideSolutionNode = FALSE
	EndGlobalSection
	GlobalSection(MonoDevelopProperties) = preSolution
		StartupItem = Assembly-CSharp.csproj
	EndGlobalSection
EndGlobal
